
Microsoft Visual Studio Solution File, Format Version 12.00
# Visual Studio 2013
VisualStudioVersion = 12.0.40629.0
MinimumVisualStudioVersion = 10.0.40219.1
Project("{FAE04EC0-301F-11D3-BF4B-00C04F79EFBC}") = "Domain", "Domain\Domain.csproj", "{0A86C1AB-9D49-4214-9F32-8336FD6FABCE}"
EndProject
Project("{FAE04EC0-301F-11D3-BF4B-00C04F79EFBC}") = "Test", "Test\Test.csproj", "{2F99B654-89DC-46B2-9B9E-A559571FF053}"
EndProject
Project("{FAE04EC0-301F-11D3-BF4B-00C04F79EFBC}") = "ConsoleApplication", "ConsoleApplication1\ConsoleApplication.csproj", "{CC8C1586-7980-44B4-9239-D119F638361F}"
EndProject
Global
	GlobalSection(SolutionConfigurationPlatforms) = preSolution
		Debug|Any CPU = Debug|Any CPU
		Release|Any CPU = Release|Any CPU
	EndGlobalSection
	GlobalSection(ProjectConfigurationPlatforms) = postSolution
		{0A86C1AB-9D49-4214-9F32-8336FD6FABCE}.Debug|Any CPU.ActiveCfg = Debug|Any CPU
		{0A86C1AB-9D49-4214-9F32-8336FD6FABCE}.Debug|Any CPU.Build.0 = Debug|Any CPU
		{0A86C1AB-9D49-4214-9F32-8336FD6FABCE}.Release|Any CPU.ActiveCfg = Release|Any CPU
		{0A86C1AB-9D49-4214-9F32-8336FD6FABCE}.Release|Any CPU.Build.0 = Release|Any CPU
		{2F99B654-89DC-46B2-9B9E-A559571FF053}.Debug|Any CPU.ActiveCfg = Debug|Any CPU
		{2F99B654-89DC-46B2-9B9E-A559571FF053}.Debug|Any CPU.Build.0 = Debug|Any CPU
		{2F99B654-89DC-46B2-9B9E-A559571FF053}.Release|Any CPU.ActiveCfg = Release|Any CPU
		{2F99B654-89DC-46B2-9B9E-A559571FF053}.Release|Any CPU.Build.0 = Release|Any CPU
		{CC8C1586-7980-44B4-9239-D119F638361F}.Debug|Any CPU.ActiveCfg = Debug|Any CPU
		{CC8C1586-7980-44B4-9239-D119F638361F}.Debug|Any CPU.Build.0 = Debug|Any CPU
		{CC8C1586-7980-44B4-9239-D119F638361F}.Release|Any CPU.ActiveCfg = Release|Any CPU
		{CC8C1586-7980-44B4-9239-D119F638361F}.Release|Any CPU.Build.0 = Release|Any CPU
	EndGlobalSection
	GlobalSection(SolutionProperties) = preSolution
		HideSolutionNode = FALSE
	EndGlobalSection
EndGlobal
